
Microsoft Visual Studio Solution File, Format Version 12.00
# Visual Studio Version 17
VisualStudioVersion = 17.8.34316.72
MinimumVisualStudioVersion = 10.0.40219.1
Project("{FAE04EC0-301F-11D3-BF4B-00C04F79EFBC}") = "OnlineShop4DVDS", "OnlineShop4DVDS\OnlineShop4DVDS.csproj", "{65CDDA32-0ADB-4F52-BA42-F9726B151166}"
EndProject
Global
	GlobalSection(SolutionConfigurationPlatforms) = preSolution
		Debug|Any CPU = Debug|Any CPU
		Release|Any CPU = Release|Any CPU
	EndGlobalSection
	GlobalSection(ProjectConfigurationPlatforms) = postSolution
		{65CDDA32-0ADB-4F52-BA42-F9726B151166}.Debug|Any CPU.ActiveCfg = Debug|Any CPU
		{65CDDA32-0ADB-4F52-BA42-F9726B151166}.Debug|Any CPU.Build.0 = Debug|Any CPU
		{65CDDA32-0ADB-4F52-BA42-F9726B151166}.Release|Any CPU.ActiveCfg = Release|Any CPU
		{65CDDA32-0ADB-4F52-BA42-F9726B151166}.Release|Any CPU.Build.0 = Release|Any CPU
	EndGlobalSection
	GlobalSection(SolutionProperties) = preSolution
		HideSolutionNode = FALSE
	EndGlobalSection
	GlobalSection(ExtensibilityGlobals) = postSolution
		SolutionGuid = {89A506A9-D995-445F-8431-F13DC4ADB838}
	EndGlobalSection
EndGlobal
